// !$*UTF8*$!
{
	archiveVersion = 1;
	classes = {
	};
	objectVersion = 45;
	objects = {

/* Begin PBXBuildFile section */
		1D3623260D0F684500981E51 /* Touch320AppDelegate.m in Sources */ = {isa = PBXBuildFile; fileRef = 1D3623250D0F684500981E51 /* Touch320AppDelegate.m */; };
		1D60589B0D05DD56006BFB54 /* main.m in Sources */ = {isa = PBXBuildFile; fileRef = 29B97316FDCFA39411CA2CEA /* main.m */; };
		1D60589F0D05DD5A006BFB54 /* Foundation.framework in Frameworks */ = {isa = PBXBuildFile; fileRef = 1D30AB110D05D00D00671497 /* Foundation.framework */; };
		1DF5F4E00D08C38300B7A737 /* UIKit.framework in Frameworks */ = {isa = PBXBuildFile; fileRef = 1DF5F4DF0D08C38300B7A737 /* UIKit.framework */; };
		288765FD0DF74451002DB57D /* CoreGraphics.framework in Frameworks */ = {isa = PBXBuildFile; fileRef = 288765FC0DF74451002DB57D /* CoreGraphics.framework */; };
		28AD733F0D9D9553002E5188 /* MainWindow.xib in Resources */ = {isa = PBXBuildFile; fileRef = 28AD733E0D9D9553002E5188 /* MainWindow.xib */; };
		DE3E4CE910D9285000571DC6 /* FlickrJSONResponse.m in Sources */ = {isa = PBXBuildFile; fileRef = DE3E4CE810D9285000571DC6 /* FlickrJSONResponse.m */; };
		DE3E4CF310D9292D00571DC6 /* GTMNSString+URLArguments.m in Sources */ = {isa = PBXBuildFile; fileRef = DE3E4CF010D9292D00571DC6 /* GTMNSString+URLArguments.m */; };
		DE3E4CF410D9292D00571DC6 /* GTMNSDictionary+URLArguments.m in Sources */ = {isa = PBXBuildFile; fileRef = DE3E4CF210D9292D00571DC6 /* GTMNSDictionary+URLArguments.m */; };
		DE4F175F10D82535005E2446 /* libThree20.a in Frameworks */ = {isa = PBXBuildFile; fileRef = DE4F175E10D8252D005E2446 /* libThree20.a */; };
		DE4F176510D825AD005E2446 /* Three20.bundle in Resources */ = {isa = PBXBuildFile; fileRef = DE4F176410D825AD005E2446 /* Three20.bundle */; };
		DE4F178E10D825CE005E2446 /* QuartzCore.framework in Frameworks */ = {isa = PBXBuildFile; fileRef = DE4F178D10D825CE005E2446 /* QuartzCore.framework */; };
		DE4F197210D84EC8005E2446 /* ImageGalleryPhotoSource.m in Sources */ = {isa = PBXBuildFile; fileRef = DE4F197110D84EC8005E2446 /* ImageGalleryPhotoSource.m */; };
		DE7455A310DE66DE00332FD6 /* ImageGalleryPhoto.m in Sources */ = {isa = PBXBuildFile; fileRef = DE7455A210DE66DE00332FD6 /* ImageGalleryPhoto.m */; };
		DEFEE5E410D80AA3001213CE /* CXMLDocument_CreationExtensions.m in Sources */ = {isa = PBXBuildFile; fileRef = DEFEE5CD10D80AA3001213CE /* CXMLDocument_CreationExtensions.m */; };
		DEFEE5E510D80AA3001213CE /* CXMLNode_CreationExtensions.m in Sources */ = {isa = PBXBuildFile; fileRef = DEFEE5CF10D80AA3001213CE /* CXMLNode_CreationExtensions.m */; };
		DEFEE5E610D80AA3001213CE /* CXMLDocument.m in Sources */ = {isa = PBXBuildFile; fileRef = DEFEE5D110D80AA3001213CE /* CXMLDocument.m */; };
		DEFEE5E710D80AA3001213CE /* CXMLDocument_PrivateExtensions.m in Sources */ = {isa = PBXBuildFile; fileRef = DEFEE5D310D80AA3001213CE /* CXMLDocument_PrivateExtensions.m */; };
		DEFEE5E810D80AA3001213CE /* CXMLElement.m in Sources */ = {isa = PBXBuildFile; fileRef = DEFEE5D510D80AA3001213CE /* CXMLElement.m */; };
		DEFEE5E910D80AA3001213CE /* CXMLElement_CreationExtensions.m in Sources */ = {isa = PBXBuildFile; fileRef = DEFEE5D710D80AA3001213CE /* CXMLElement_CreationExtensions.m */; };
		DEFEE5EA10D80AA3001213CE /* CXMLElement_ElementTreeExtensions.m in Sources */ = {isa = PBXBuildFile; fileRef = DEFEE5D910D80AA3001213CE /* CXMLElement_ElementTreeExtensions.m */; };
		DEFEE5EB10D80AA3001213CE /* CXMLNode.m in Sources */ = {isa = PBXBuildFile; fileRef = DEFEE5DB10D80AA3001213CE /* CXMLNode.m */; };
		DEFEE5EC10D80AA3001213CE /* CXMLNode_PrivateExtensions.m in Sources */ = {isa = PBXBuildFile; fileRef = DEFEE5DD10D80AA3001213CE /* CXMLNode_PrivateExtensions.m */; };
		DEFEE5ED10D80AA3001213CE /* CXMLNode_XPathExtensions.m in Sources */ = {isa = PBXBuildFile; fileRef = DEFEE5DF10D80AA3001213CE /* CXMLNode_XPathExtensions.m */; };
		DEFEE5EE10D80AA3001213CE /* CTidy.m in Sources */ = {isa = PBXBuildFile; fileRef = DEFEE5E210D80AA3001213CE /* CTidy.m */; };
		DEFEE64D10D80BA4001213CE /* NSObject+SBJSON.m in Sources */ = {isa = PBXBuildFile; fileRef = DEFEE64210D80BA4001213CE /* NSObject+SBJSON.m */; };
		DEFEE64E10D80BA4001213CE /* NSString+SBJSON.m in Sources */ = {isa = PBXBuildFile; fileRef = DEFEE64410D80BA4001213CE /* NSString+SBJSON.m */; };
		DEFEE64F10D80BA4001213CE /* SBJSON.m in Sources */ = {isa = PBXBuildFile; fileRef = DEFEE64610D80BA4001213CE /* SBJSON.m */; };
		DEFEE65010D80BA4001213CE /* SBJsonBase.m in Sources */ = {isa = PBXBuildFile; fileRef = DEFEE64810D80BA4001213CE /* SBJsonBase.m */; };
		DEFEE65110D80BA4001213CE /* SBJsonParser.m in Sources */ = {isa = PBXBuildFile; fileRef = DEFEE64A10D80BA4001213CE /* SBJsonParser.m */; };
		DEFEE65210D80BA4001213CE /* SBJsonWriter.m in Sources */ = {isa = PBXBuildFile; fileRef = DEFEE64C10D80BA4001213CE /* SBJsonWriter.m */; };
		DEFEE66E10D80BC4001213CE /* MockPhotoSource.m in Sources */ = {isa = PBXBuildFile; fileRef = DEFEE66110D80BC3001213CE /* MockPhotoSource.m */; };
		DEFEE66F10D80BC4001213CE /* NewsViewController.m in Sources */ = {isa = PBXBuildFile; fileRef = DEFEE66310D80BC3001213CE /* NewsViewController.m */; };
		DEFEE67010D80BC4001213CE /* ImageGalleryViewController.m in Sources */ = {isa = PBXBuildFile; fileRef = DEFEE66510D80BC3001213CE /* ImageGalleryViewController.m */; };
		DEFEE67110D80BC4001213CE /* CatalogSamplerViewController.m in Sources */ = {isa = PBXBuildFile; fileRef = DEFEE66710D80BC3001213CE /* CatalogSamplerViewController.m */; };
		DEFEE67210D80BC4001213CE /* RadioViewController.m in Sources */ = {isa = PBXBuildFile; fileRef = DEFEE66910D80BC3001213CE /* RadioViewController.m */; };
		DEFEE67310D80BC4001213CE /* NewsItem.m in Sources */ = {isa = PBXBuildFile; fileRef = DEFEE66B10D80BC3001213CE /* NewsItem.m */; };
		DEFEE67410D80BC4001213CE /* NewsItemViewController.m in Sources */ = {isa = PBXBuildFile; fileRef = DEFEE66D10D80BC4001213CE /* NewsItemViewController.m */; };
/* End PBXBuildFile section */

/* Begin PBXContainerItemProxy section */
		DE4F175D10D8252D005E2446 /* PBXContainerItemProxy */ = {
			isa = PBXContainerItemProxy;
			containerPortal = DE4F175610D8252D005E2446 /* Three20.xcodeproj */;
			proxyType = 2;
			remoteGlobalIDString = BEF31F3A0F352DF5000DE5D2;
			remoteInfo = Three20;
		};
		DE4F176110D82589005E2446 /* PBXContainerItemProxy */ = {
			isa = PBXContainerItemProxy;
			containerPortal = DE4F175610D8252D005E2446 /* Three20.xcodeproj */;
			proxyType = 1;
			remoteGlobalIDString = BEF31F390F352DF5000DE5D2;
			remoteInfo = Three20;
		};
/* End PBXContainerItemProxy section */

/* Begin PBXFileReference section */
		1D30AB110D05D00D00671497 /* Foundation.framework */ = {isa = PBXFileReference; lastKnownFileType = wrapper.framework; name = Foundation.framework; path = System/Library/Frameworks/Foundation.framework; sourceTree = SDKROOT; };
		1D3623240D0F684500981E51 /* Touch320AppDelegate.h */ = {isa = PBXFileReference; fileEncoding = 4; lastKnownFileType = sourcecode.c.h; path = Touch320AppDelegate.h; sourceTree = "<group>"; };
		1D3623250D0F684500981E51 /* Touch320AppDelegate.m */ = {isa = PBXFileReference; fileEncoding = 4; lastKnownFileType = sourcecode.c.objc; path = Touch320AppDelegate.m; sourceTree = "<group>"; };
		1D6058910D05DD3D006BFB54 /* Touch320.app */ = {isa = PBXFileReference; explicitFileType = wrapper.application; includeInIndex = 0; path = Touch320.app; sourceTree = BUILT_PRODUCTS_DIR; };
		1DF5F4DF0D08C38300B7A737 /* UIKit.framework */ = {isa = PBXFileReference; lastKnownFileType = wrapper.framework; name = UIKit.framework; path = System/Library/Frameworks/UIKit.framework; sourceTree = SDKROOT; };
		288765FC0DF74451002DB57D /* CoreGraphics.framework */ = {isa = PBXFileReference; lastKnownFileType = wrapper.framework; name = CoreGraphics.framework; path = System/Library/Frameworks/CoreGraphics.framework; sourceTree = SDKROOT; };
		28AD733E0D9D9553002E5188 /* MainWindow.xib */ = {isa = PBXFileReference; lastKnownFileType = file.xib; path = MainWindow.xib; sourceTree = "<group>"; };
		29B97316FDCFA39411CA2CEA /* main.m */ = {isa = PBXFileReference; fileEncoding = 4; lastKnownFileType = sourcecode.c.objc; path = main.m; sourceTree = "<group>"; };
		32CA4F630368D1EE00C91783 /* Touch320_Prefix.pch */ = {isa = PBXFileReference; fileEncoding = 4; lastKnownFileType = sourcecode.c.h; path = Touch320_Prefix.pch; sourceTree = "<group>"; };
		8D1107310486CEB800E47090 /* Touch320-Info.plist */ = {isa = PBXFileReference; fileEncoding = 4; lastKnownFileType = text.plist.xml; path = "Touch320-Info.plist"; plistStructureDefinitionIdentifier = "com.apple.xcode.plist.structure-definition.iphone.info-plist"; sourceTree = "<group>"; };
		DE3E4CE710D9285000571DC6 /* FlickrJSONResponse.h */ = {isa = PBXFileReference; fileEncoding = 4; lastKnownFileType = sourcecode.c.h; path = FlickrJSONResponse.h; sourceTree = "<group>"; };
		DE3E4CE810D9285000571DC6 /* FlickrJSONResponse.m */ = {isa = PBXFileReference; fileEncoding = 4; lastKnownFileType = sourcecode.c.objc; path = FlickrJSONResponse.m; sourceTree = "<group>"; };
		DE3E4CEE10D9292D00571DC6 /* GTMDefines.h */ = {isa = PBXFileReference; fileEncoding = 4; lastKnownFileType = sourcecode.c.h; path = GTMDefines.h; sourceTree = "<group>"; };
		DE3E4CEF10D9292D00571DC6 /* GTMNSString+URLArguments.h */ = {isa = PBXFileReference; fileEncoding = 4; lastKnownFileType = sourcecode.c.h; path = "GTMNSString+URLArguments.h"; sourceTree = "<group>"; };
		DE3E4CF010D9292D00571DC6 /* GTMNSString+URLArguments.m */ = {isa = PBXFileReference; fileEncoding = 4; lastKnownFileType = sourcecode.c.objc; path = "GTMNSString+URLArguments.m"; sourceTree = "<group>"; };
		DE3E4CF110D9292D00571DC6 /* GTMNSDictionary+URLArguments.h */ = {isa = PBXFileReference; fileEncoding = 4; lastKnownFileType = sourcecode.c.h; path = "GTMNSDictionary+URLArguments.h"; sourceTree = "<group>"; };
		DE3E4CF210D9292D00571DC6 /* GTMNSDictionary+URLArguments.m */ = {isa = PBXFileReference; fileEncoding = 4; lastKnownFileType = sourcecode.c.objc; path = "GTMNSDictionary+URLArguments.m"; sourceTree = "<group>"; };
		DE4F175610D8252D005E2446 /* Three20.xcodeproj */ = {isa = PBXFileReference; lastKnownFileType = "wrapper.pb-project"; name = Three20.xcodeproj; path = ../../Three20/src/Three20.xcodeproj; sourceTree = SOURCE_ROOT; };
		DE4F176410D825AD005E2446 /* Three20.bundle */ = {isa = PBXFileReference; lastKnownFileType = "wrapper.plug-in"; name = Three20.bundle; path = ../../Three20/src/Three20.bundle; sourceTree = SOURCE_ROOT; };
		DE4F178D10D825CE005E2446 /* QuartzCore.framework */ = {isa = PBXFileReference; lastKnownFileType = wrapper.framework; name = QuartzCore.framework; path = ../../../../../../Developer/Platforms/iPhoneOS.platform/Developer/SDKs/iPhoneOS3.1.sdk/System/Library/Frameworks/QuartzCore.framework; sourceTree = SOURCE_ROOT; };
		DE4F197010D84EC8005E2446 /* ImageGalleryPhotoSource.h */ = {isa = PBXFileReference; fileEncoding = 4; lastKnownFileType = sourcecode.c.h; path = ImageGalleryPhotoSource.h; sourceTree = "<group>"; };
		DE4F197110D84EC8005E2446 /* ImageGalleryPhotoSource.m */ = {isa = PBXFileReference; fileEncoding = 4; lastKnownFileType = sourcecode.c.objc; path = ImageGalleryPhotoSource.m; sourceTree = "<group>"; };
		DE7455A110DE66DE00332FD6 /* ImageGalleryPhoto.h */ = {isa = PBXFileReference; fileEncoding = 4; lastKnownFileType = sourcecode.c.h; path = ImageGalleryPhoto.h; sourceTree = "<group>"; };
		DE7455A210DE66DE00332FD6 /* ImageGalleryPhoto.m */ = {isa = PBXFileReference; fileEncoding = 4; lastKnownFileType = sourcecode.c.objc; path = ImageGalleryPhoto.m; sourceTree = "<group>"; };
		DEFEE5CC10D80AA3001213CE /* CXMLDocument_CreationExtensions.h */ = {isa = PBXFileReference; fileEncoding = 4; lastKnownFileType = sourcecode.c.h; path = CXMLDocument_CreationExtensions.h; sourceTree = "<group>"; };
		DEFEE5CD10D80AA3001213CE /* CXMLDocument_CreationExtensions.m */ = {isa = PBXFileReference; fileEncoding = 4; lastKnownFileType = sourcecode.c.objc; path = CXMLDocument_CreationExtensions.m; sourceTree = "<group>"; };
		DEFEE5CE10D80AA3001213CE /* CXMLNode_CreationExtensions.h */ = {isa = PBXFileReference; fileEncoding = 4; lastKnownFileType = sourcecode.c.h; path = CXMLNode_CreationExtensions.h; sourceTree = "<group>"; };
		DEFEE5CF10D80AA3001213CE /* CXMLNode_CreationExtensions.m */ = {isa = PBXFileReference; fileEncoding = 4; lastKnownFileType = sourcecode.c.objc; path = CXMLNode_CreationExtensions.m; sourceTree = "<group>"; };
		DEFEE5D010D80AA3001213CE /* CXMLDocument.h */ = {isa = PBXFileReference; fileEncoding = 4; lastKnownFileType = sourcecode.c.h; name = CXMLDocument.h; path = ../../touchcode/TouchXML/Common/Source/CXMLDocument.h; sourceTree = SOURCE_ROOT; };
		DEFEE5D110D80AA3001213CE /* CXMLDocument.m */ = {isa = PBXFileReference; fileEncoding = 4; lastKnownFileType = sourcecode.c.objc; name = CXMLDocument.m; path = ../../touchcode/TouchXML/Common/Source/CXMLDocument.m; sourceTree = SOURCE_ROOT; };
		DEFEE5D210D80AA3001213CE /* CXMLDocument_PrivateExtensions.h */ = {isa = PBXFileReference; fileEncoding = 4; lastKnownFileType = sourcecode.c.h; name = CXMLDocument_PrivateExtensions.h; path = ../../touchcode/TouchXML/Common/Source/CXMLDocument_PrivateExtensions.h; sourceTree = SOURCE_ROOT; };
		DEFEE5D310D80AA3001213CE /* CXMLDocument_PrivateExtensions.m */ = {isa = PBXFileReference; fileEncoding = 4; lastKnownFileType = sourcecode.c.objc; name = CXMLDocument_PrivateExtensions.m; path = ../../touchcode/TouchXML/Common/Source/CXMLDocument_PrivateExtensions.m; sourceTree = SOURCE_ROOT; };
		DEFEE5D410D80AA3001213CE /* CXMLElement.h */ = {isa = PBXFileReference; fileEncoding = 4; lastKnownFileType = sourcecode.c.h; name = CXMLElement.h; path = ../../touchcode/TouchXML/Common/Source/CXMLElement.h; sourceTree = SOURCE_ROOT; };
		DEFEE5D510D80AA3001213CE /* CXMLElement.m */ = {isa = PBXFileReference; fileEncoding = 4; lastKnownFileType = sourcecode.c.objc; name = CXMLElement.m; path = ../../touchcode/TouchXML/Common/Source/CXMLElement.m; sourceTree = SOURCE_ROOT; };
		DEFEE5D610D80AA3001213CE /* CXMLElement_CreationExtensions.h */ = {isa = PBXFileReference; fileEncoding = 4; lastKnownFileType = sourcecode.c.h; name = CXMLElement_CreationExtensions.h; path = ../../touchcode/TouchXML/Common/Source/CXMLElement_CreationExtensions.h; sourceTree = SOURCE_ROOT; };
		DEFEE5D710D80AA3001213CE /* CXMLElement_CreationExtensions.m */ = {isa = PBXFileReference; fileEncoding = 4; lastKnownFileType = sourcecode.c.objc; name = CXMLElement_CreationExtensions.m; path = ../../touchcode/TouchXML/Common/Source/CXMLElement_CreationExtensions.m; sourceTree = SOURCE_ROOT; };
		DEFEE5D810D80AA3001213CE /* CXMLElement_ElementTreeExtensions.h */ = {isa = PBXFileReference; fileEncoding = 4; lastKnownFileType = sourcecode.c.h; name = CXMLElement_ElementTreeExtensions.h; path = ../../touchcode/TouchXML/Common/Source/CXMLElement_ElementTreeExtensions.h; sourceTree = SOURCE_ROOT; };
		DEFEE5D910D80AA3001213CE /* CXMLElement_ElementTreeExtensions.m */ = {isa = PBXFileReference; fileEncoding = 4; lastKnownFileType = sourcecode.c.objc; name = CXMLElement_ElementTreeExtensions.m; path = ../../touchcode/TouchXML/Common/Source/CXMLElement_ElementTreeExtensions.m; sourceTree = SOURCE_ROOT; };
		DEFEE5DA10D80AA3001213CE /* CXMLNode.h */ = {isa = PBXFileReference; fileEncoding = 4; lastKnownFileType = sourcecode.c.h; name = CXMLNode.h; path = ../../touchcode/TouchXML/Common/Source/CXMLNode.h; sourceTree = SOURCE_ROOT; };
		DEFEE5DB10D80AA3001213CE /* CXMLNode.m */ = {isa = PBXFileReference; fileEncoding = 4; lastKnownFileType = sourcecode.c.objc; name = CXMLNode.m; path = ../../touchcode/TouchXML/Common/Source/CXMLNode.m; sourceTree = SOURCE_ROOT; };
		DEFEE5DC10D80AA3001213CE /* CXMLNode_PrivateExtensions.h */ = {isa = PBXFileReference; fileEncoding = 4; lastKnownFileType = sourcecode.c.h; name = CXMLNode_PrivateExtensions.h; path = ../../touchcode/TouchXML/Common/Source/CXMLNode_PrivateExtensions.h; sourceTree = SOURCE_ROOT; };
		DEFEE5DD10D80AA3001213CE /* CXMLNode_PrivateExtensions.m */ = {isa = PBXFileReference; fileEncoding = 4; lastKnownFileType = sourcecode.c.objc; name = CXMLNode_PrivateExtensions.m; path = ../../touchcode/TouchXML/Common/Source/CXMLNode_PrivateExtensions.m; sourceTree = SOURCE_ROOT; };
		DEFEE5DE10D80AA3001213CE /* CXMLNode_XPathExtensions.h */ = {isa = PBXFileReference; fileEncoding = 4; lastKnownFileType = sourcecode.c.h; name = CXMLNode_XPathExtensions.h; path = ../../touchcode/TouchXML/Common/Source/CXMLNode_XPathExtensions.h; sourceTree = SOURCE_ROOT; };
		DEFEE5DF10D80AA3001213CE /* CXMLNode_XPathExtensions.m */ = {isa = PBXFileReference; fileEncoding = 4; lastKnownFileType = sourcecode.c.objc; name = CXMLNode_XPathExtensions.m; path = ../../touchcode/TouchXML/Common/Source/CXMLNode_XPathExtensions.m; sourceTree = SOURCE_ROOT; };
		DEFEE5E110D80AA3001213CE /* CTidy.h */ = {isa = PBXFileReference; fileEncoding = 4; lastKnownFileType = sourcecode.c.h; path = CTidy.h; sourceTree = "<group>"; };
		DEFEE5E210D80AA3001213CE /* CTidy.m */ = {isa = PBXFileReference; fileEncoding = 4; lastKnownFileType = sourcecode.c.objc; path = CTidy.m; sourceTree = "<group>"; };
		DEFEE5E310D80AA3001213CE /* TouchXML.h */ = {isa = PBXFileReference; fileEncoding = 4; lastKnownFileType = sourcecode.c.h; name = TouchXML.h; path = ../../touchcode/TouchXML/Common/Source/TouchXML.h; sourceTree = SOURCE_ROOT; };
		DEFEE64010D80BA4001213CE /* JSON.h */ = {isa = PBXFileReference; fileEncoding = 4; lastKnownFileType = sourcecode.c.h; path = JSON.h; sourceTree = "<group>"; };
		DEFEE64110D80BA4001213CE /* NSObject+SBJSON.h */ = {isa = PBXFileReference; fileEncoding = 4; lastKnownFileType = sourcecode.c.h; path = "NSObject+SBJSON.h"; sourceTree = "<group>"; };
		DEFEE64210D80BA4001213CE /* NSObject+SBJSON.m */ = {isa = PBXFileReference; fileEncoding = 4; lastKnownFileType = sourcecode.c.objc; path = "NSObject+SBJSON.m"; sourceTree = "<group>"; };
		DEFEE64310D80BA4001213CE /* NSString+SBJSON.h */ = {isa = PBXFileReference; fileEncoding = 4; lastKnownFileType = sourcecode.c.h; path = "NSString+SBJSON.h"; sourceTree = "<group>"; };
		DEFEE64410D80BA4001213CE /* NSString+SBJSON.m */ = {isa = PBXFileReference; fileEncoding = 4; lastKnownFileType = sourcecode.c.objc; path = "NSString+SBJSON.m"; sourceTree = "<group>"; };
		DEFEE64510D80BA4001213CE /* SBJSON.h */ = {isa = PBXFileReference; fileEncoding = 4; lastKnownFileType = sourcecode.c.h; path = SBJSON.h; sourceTree = "<group>"; };
		DEFEE64610D80BA4001213CE /* SBJSON.m */ = {isa = PBXFileReference; fileEncoding = 4; lastKnownFileType = sourcecode.c.objc; path = SBJSON.m; sourceTree = "<group>"; };
		DEFEE64710D80BA4001213CE /* SBJsonBase.h */ = {isa = PBXFileReference; fileEncoding = 4; lastKnownFileType = sourcecode.c.h; path = SBJsonBase.h; sourceTree = "<group>"; };
		DEFEE64810D80BA4001213CE /* SBJsonBase.m */ = {isa = PBXFileReference; fileEncoding = 4; lastKnownFileType = sourcecode.c.objc; path = SBJsonBase.m; sourceTree = "<group>"; };
		DEFEE64910D80BA4001213CE /* SBJsonParser.h */ = {isa = PBXFileReference; fileEncoding = 4; lastKnownFileType = sourcecode.c.h; path = SBJsonParser.h; sourceTree = "<group>"; };
		DEFEE64A10D80BA4001213CE /* SBJsonParser.m */ = {isa = PBXFileReference; fileEncoding = 4; lastKnownFileType = sourcecode.c.objc; path = SBJsonParser.m; sourceTree = "<group>"; };
		DEFEE64B10D80BA4001213CE /* SBJsonWriter.h */ = {isa = PBXFileReference; fileEncoding = 4; lastKnownFileType = sourcecode.c.h; path = SBJsonWriter.h; sourceTree = "<group>"; };
		DEFEE64C10D80BA4001213CE /* SBJsonWriter.m */ = {isa = PBXFileReference; fileEncoding = 4; lastKnownFileType = sourcecode.c.objc; path = SBJsonWriter.m; sourceTree = "<group>"; };
		DEFEE66010D80BC3001213CE /* MockPhotoSource.h */ = {isa = PBXFileReference; fileEncoding = 4; lastKnownFileType = sourcecode.c.h; path = MockPhotoSource.h; sourceTree = "<group>"; };
		DEFEE66110D80BC3001213CE /* MockPhotoSource.m */ = {isa = PBXFileReference; fileEncoding = 4; lastKnownFileType = sourcecode.c.objc; path = MockPhotoSource.m; sourceTree = "<group>"; };
		DEFEE66210D80BC3001213CE /* NewsViewController.h */ = {isa = PBXFileReference; fileEncoding = 4; lastKnownFileType = sourcecode.c.h; path = NewsViewController.h; sourceTree = "<group>"; };
		DEFEE66310D80BC3001213CE /* NewsViewController.m */ = {isa = PBXFileReference; fileEncoding = 4; lastKnownFileType = sourcecode.c.objc; path = NewsViewController.m; sourceTree = "<group>"; };
		DEFEE66410D80BC3001213CE /* ImageGalleryViewController.h */ = {isa = PBXFileReference; fileEncoding = 4; lastKnownFileType = sourcecode.c.h; path = ImageGalleryViewController.h; sourceTree = "<group>"; };
		DEFEE66510D80BC3001213CE /* ImageGalleryViewController.m */ = {isa = PBXFileReference; fileEncoding = 4; lastKnownFileType = sourcecode.c.objc; path = ImageGalleryViewController.m; sourceTree = "<group>"; };
		DEFEE66610D80BC3001213CE /* CatalogSamplerViewController.h */ = {isa = PBXFileReference; fileEncoding = 4; lastKnownFileType = sourcecode.c.h; path = CatalogSamplerViewController.h; sourceTree = "<group>"; };
		DEFEE66710D80BC3001213CE /* CatalogSamplerViewController.m */ = {isa = PBXFileReference; fileEncoding = 4; lastKnownFileType = sourcecode.c.objc; path = CatalogSamplerViewController.m; sourceTree = "<group>"; };
		DEFEE66810D80BC3001213CE /* RadioViewController.h */ = {isa = PBXFileReference; fileEncoding = 4; lastKnownFileType = sourcecode.c.h; path = RadioViewController.h; sourceTree = "<group>"; };
		DEFEE66910D80BC3001213CE /* RadioViewController.m */ = {isa = PBXFileReference; fileEncoding = 4; lastKnownFileType = sourcecode.c.objc; path = RadioViewController.m; sourceTree = "<group>"; };
		DEFEE66A10D80BC3001213CE /* NewsItem.h */ = {isa = PBXFileReference; fileEncoding = 4; lastKnownFileType = sourcecode.c.h; path = NewsItem.h; sourceTree = "<group>"; };
		DEFEE66B10D80BC3001213CE /* NewsItem.m */ = {isa = PBXFileReference; fileEncoding = 4; lastKnownFileType = sourcecode.c.objc; path = NewsItem.m; sourceTree = "<group>"; };
		DEFEE66C10D80BC4001213CE /* NewsItemViewController.h */ = {isa = PBXFileReference; fileEncoding = 4; lastKnownFileType = sourcecode.c.h; path = NewsItemViewController.h; sourceTree = "<group>"; };
		DEFEE66D10D80BC4001213CE /* NewsItemViewController.m */ = {isa = PBXFileReference; fileEncoding = 4; lastKnownFileType = sourcecode.c.objc; path = NewsItemViewController.m; sourceTree = "<group>"; };
/* End PBXFileReference section */

/* Begin PBXFrameworksBuildPhase section */
		1D60588F0D05DD3D006BFB54 /* Frameworks */ = {
			isa = PBXFrameworksBuildPhase;
			buildActionMask = 2147483647;
			files = (
				1D60589F0D05DD5A006BFB54 /* Foundation.framework in Frameworks */,
				1DF5F4E00D08C38300B7A737 /* UIKit.framework in Frameworks */,
				288765FD0DF74451002DB57D /* CoreGraphics.framework in Frameworks */,
				DE4F175F10D82535005E2446 /* libThree20.a in Frameworks */,
				DE4F178E10D825CE005E2446 /* QuartzCore.framework in Frameworks */,
			);
			runOnlyForDeploymentPostprocessing = 0;
		};
/* End PBXFrameworksBuildPhase section */

/* Begin PBXGroup section */
		080E96DDFE201D6D7F000001 /* Classes */ = {
			isa = PBXGroup;
			children = (
				DE3E4CED10D9292D00571DC6 /* Google Toolbox for Mac */,
				DEFEE63F10D80BA4001213CE /* JSON */,
				DEFEE60B10D80AE4001213CE /* TouchXML */,
				DEFEE66010D80BC3001213CE /* MockPhotoSource.h */,
				DEFEE66110D80BC3001213CE /* MockPhotoSource.m */,
				DEFEE66210D80BC3001213CE /* NewsViewController.h */,
				DEFEE66310D80BC3001213CE /* NewsViewController.m */,
				DEFEE66410D80BC3001213CE /* ImageGalleryViewController.h */,
				DEFEE66510D80BC3001213CE /* ImageGalleryViewController.m */,
				DEFEE66610D80BC3001213CE /* CatalogSamplerViewController.h */,
				DEFEE66710D80BC3001213CE /* CatalogSamplerViewController.m */,
				DEFEE66810D80BC3001213CE /* RadioViewController.h */,
				DEFEE66910D80BC3001213CE /* RadioViewController.m */,
				DEFEE66A10D80BC3001213CE /* NewsItem.h */,
				DEFEE66B10D80BC3001213CE /* NewsItem.m */,
				DEFEE66C10D80BC4001213CE /* NewsItemViewController.h */,
				DEFEE66D10D80BC4001213CE /* NewsItemViewController.m */,
				1D3623240D0F684500981E51 /* Touch320AppDelegate.h */,
				1D3623250D0F684500981E51 /* Touch320AppDelegate.m */,
				DE4F197010D84EC8005E2446 /* ImageGalleryPhotoSource.h */,
				DE4F197110D84EC8005E2446 /* ImageGalleryPhotoSource.m */,
				DE3E4CE710D9285000571DC6 /* FlickrJSONResponse.h */,
				DE3E4CE810D9285000571DC6 /* FlickrJSONResponse.m */,
				DE7455A110DE66DE00332FD6 /* ImageGalleryPhoto.h */,
				DE7455A210DE66DE00332FD6 /* ImageGalleryPhoto.m */,
			);
			path = Classes;
			sourceTree = "<group>";
		};
		19C28FACFE9D520D11CA2CBB /* Products */ = {
			isa = PBXGroup;
			children = (
				1D6058910D05DD3D006BFB54 /* Touch320.app */,
			);
			name = Products;
			sourceTree = "<group>";
		};
		29B97314FDCFA39411CA2CEA /* CustomTemplate */ = {
			isa = PBXGroup;
			children = (
				DE4F176410D825AD005E2446 /* Three20.bundle */,
				DE4F175610D8252D005E2446 /* Three20.xcodeproj */,
				080E96DDFE201D6D7F000001 /* Classes */,
				29B97315FDCFA39411CA2CEA /* Other Sources */,
				29B97317FDCFA39411CA2CEA /* Resources */,
				29B97323FDCFA39411CA2CEA /* Frameworks */,
				19C28FACFE9D520D11CA2CBB /* Products */,
			);
			name = CustomTemplate;
			sourceTree = "<group>";
		};
		29B97315FDCFA39411CA2CEA /* Other Sources */ = {
			isa = PBXGroup;
			children = (
				32CA4F630368D1EE00C91783 /* Touch320_Prefix.pch */,
				29B97316FDCFA39411CA2CEA /* main.m */,
			);
			name = "Other Sources";
			sourceTree = "<group>";
		};
		29B97317FDCFA39411CA2CEA /* Resources */ = {
			isa = PBXGroup;
			children = (
				28AD733E0D9D9553002E5188 /* MainWindow.xib */,
				8D1107310486CEB800E47090 /* Touch320-Info.plist */,
			);
			name = Resources;
			sourceTree = "<group>";
		};
		29B97323FDCFA39411CA2CEA /* Frameworks */ = {
			isa = PBXGroup;
			children = (
				DE4F178D10D825CE005E2446 /* QuartzCore.framework */,
				1DF5F4DF0D08C38300B7A737 /* UIKit.framework */,
				1D30AB110D05D00D00671497 /* Foundation.framework */,
				288765FC0DF74451002DB57D /* CoreGraphics.framework */,
			);
			name = Frameworks;
			sourceTree = "<group>";
		};
		DE3E4CED10D9292D00571DC6 /* Google Toolbox for Mac */ = {
			isa = PBXGroup;
			children = (
				DE3E4CEE10D9292D00571DC6 /* GTMDefines.h */,
				DE3E4CEF10D9292D00571DC6 /* GTMNSString+URLArguments.h */,
				DE3E4CF010D9292D00571DC6 /* GTMNSString+URLArguments.m */,
				DE3E4CF110D9292D00571DC6 /* GTMNSDictionary+URLArguments.h */,
				DE3E4CF210D9292D00571DC6 /* GTMNSDictionary+URLArguments.m */,
			);
			name = "Google Toolbox for Mac";
			sourceTree = "<group>";
		};
		DE4F175710D8252D005E2446 /* Products */ = {
			isa = PBXGroup;
			children = (
				DE4F175E10D8252D005E2446 /* libThree20.a */,
			);
			name = Products;
			sourceTree = "<group>";
		};
		DEFEE5CB10D80AA3001213CE /* Creation */ = {
			isa = PBXGroup;
			children = (
				DEFEE5CC10D80AA3001213CE /* CXMLDocument_CreationExtensions.h */,
				DEFEE5CD10D80AA3001213CE /* CXMLDocument_CreationExtensions.m */,
				DEFEE5CE10D80AA3001213CE /* CXMLNode_CreationExtensions.h */,
				DEFEE5CF10D80AA3001213CE /* CXMLNode_CreationExtensions.m */,
			);
			name = Creation;
			path = ../../touchcode/TouchXML/Common/Source/Creation;
			sourceTree = SOURCE_ROOT;
		};
		DEFEE5E010D80AA3001213CE /* Tidy */ = {
			isa = PBXGroup;
			children = (
				DEFEE5E110D80AA3001213CE /* CTidy.h */,
				DEFEE5E210D80AA3001213CE /* CTidy.m */,
			);
			name = Tidy;
			path = ../../touchcode/TouchXML/Common/Source/Tidy;
			sourceTree = SOURCE_ROOT;
		};
		DEFEE60B10D80AE4001213CE /* TouchXML */ = {
			isa = PBXGroup;
			children = (
				DEFEE5CB10D80AA3001213CE /* Creation */,
				DEFEE5D010D80AA3001213CE /* CXMLDocument.h */,
				DEFEE5D110D80AA3001213CE /* CXMLDocument.m */,
				DEFEE5D210D80AA3001213CE /* CXMLDocument_PrivateExtensions.h */,
				DEFEE5D310D80AA3001213CE /* CXMLDocument_PrivateExtensions.m */,
				DEFEE5D410D80AA3001213CE /* CXMLElement.h */,
				DEFEE5D510D80AA3001213CE /* CXMLElement.m */,
				DEFEE5D610D80AA3001213CE /* CXMLElement_CreationExtensions.h */,
				DEFEE5D710D80AA3001213CE /* CXMLElement_CreationExtensions.m */,
				DEFEE5D810D80AA3001213CE /* CXMLElement_ElementTreeExtensions.h */,
				DEFEE5D910D80AA3001213CE /* CXMLElement_ElementTreeExtensions.m */,
				DEFEE5DA10D80AA3001213CE /* CXMLNode.h */,
				DEFEE5DB10D80AA3001213CE /* CXMLNode.m */,
				DEFEE5DC10D80AA3001213CE /* CXMLNode_PrivateExtensions.h */,
				DEFEE5DD10D80AA3001213CE /* CXMLNode_PrivateExtensions.m */,
				DEFEE5DE10D80AA3001213CE /* CXMLNode_XPathExtensions.h */,
				DEFEE5DF10D80AA3001213CE /* CXMLNode_XPathExtensions.m */,
				DEFEE5E010D80AA3001213CE /* Tidy */,
				DEFEE5E310D80AA3001213CE /* TouchXML.h */,
			);
			name = TouchXML;
			sourceTree = "<group>";
		};
		DEFEE63F10D80BA4001213CE /* JSON */ = {
			isa = PBXGroup;
			children = (
				DEFEE64010D80BA4001213CE /* JSON.h */,
				DEFEE64110D80BA4001213CE /* NSObject+SBJSON.h */,
				DEFEE64210D80BA4001213CE /* NSObject+SBJSON.m */,
				DEFEE64310D80BA4001213CE /* NSString+SBJSON.h */,
				DEFEE64410D80BA4001213CE /* NSString+SBJSON.m */,
				DEFEE64510D80BA4001213CE /* SBJSON.h */,
				DEFEE64610D80BA4001213CE /* SBJSON.m */,
				DEFEE64710D80BA4001213CE /* SBJsonBase.h */,
				DEFEE64810D80BA4001213CE /* SBJsonBase.m */,
				DEFEE64910D80BA4001213CE /* SBJsonParser.h */,
				DEFEE64A10D80BA4001213CE /* SBJsonParser.m */,
				DEFEE64B10D80BA4001213CE /* SBJsonWriter.h */,
				DEFEE64C10D80BA4001213CE /* SBJsonWriter.m */,
			);
			path = JSON;
			sourceTree = "<group>";
		};
/* End PBXGroup section */

/* Begin PBXNativeTarget section */
		1D6058900D05DD3D006BFB54 /* Touch320 */ = {
			isa = PBXNativeTarget;
			buildConfigurationList = 1D6058960D05DD3E006BFB54 /* Build configuration list for PBXNativeTarget "Touch320" */;
			buildPhases = (
				1D60588D0D05DD3D006BFB54 /* Resources */,
				1D60588E0D05DD3D006BFB54 /* Sources */,
				1D60588F0D05DD3D006BFB54 /* Frameworks */,
			);
			buildRules = (
			);
			dependencies = (
				DE4F176210D82589005E2446 /* PBXTargetDependency */,
			);
			name = Touch320;
			productName = Touch320;
			productReference = 1D6058910D05DD3D006BFB54 /* Touch320.app */;
			productType = "com.apple.product-type.application";
		};
/* End PBXNativeTarget section */

/* Begin PBXProject section */
		29B97313FDCFA39411CA2CEA /* Project object */ = {
			isa = PBXProject;
			buildConfigurationList = C01FCF4E08A954540054247B /* Build configuration list for PBXProject "Touch320" */;
			compatibilityVersion = "Xcode 3.1";
			hasScannedForEncodings = 1;
			mainGroup = 29B97314FDCFA39411CA2CEA /* CustomTemplate */;
			projectDirPath = "";
			projectReferences = (
				{
					ProductGroup = DE4F175710D8252D005E2446 /* Products */;
					ProjectRef = DE4F175610D8252D005E2446 /* Three20.xcodeproj */;
				},
			);
			projectRoot = "";
			targets = (
				1D6058900D05DD3D006BFB54 /* Touch320 */,
			);
		};
/* End PBXProject section */

/* Begin PBXReferenceProxy section */
		DE4F175E10D8252D005E2446 /* libThree20.a */ = {
			isa = PBXReferenceProxy;
			fileType = archive.ar;
			path = libThree20.a;
			remoteRef = DE4F175D10D8252D005E2446 /* PBXContainerItemProxy */;
			sourceTree = BUILT_PRODUCTS_DIR;
		};
/* End PBXReferenceProxy section */

/* Begin PBXResourcesBuildPhase section */
		1D60588D0D05DD3D006BFB54 /* Resources */ = {
			isa = PBXResourcesBuildPhase;
			buildActionMask = 2147483647;
			files = (
				28AD733F0D9D9553002E5188 /* MainWindow.xib in Resources */,
				DE4F176510D825AD005E2446 /* Three20.bundle in Resources */,
			);
			runOnlyForDeploymentPostprocessing = 0;
		};
/* End PBXResourcesBuildPhase section */

/* Begin PBXSourcesBuildPhase section */
		1D60588E0D05DD3D006BFB54 /* Sources */ = {
			isa = PBXSourcesBuildPhase;
			buildActionMask = 2147483647;
			files = (
				1D60589B0D05DD56006BFB54 /* main.m in Sources */,
				1D3623260D0F684500981E51 /* Touch320AppDelegate.m in Sources */,
				DEFEE5E410D80AA3001213CE /* CXMLDocument_CreationExtensions.m in Sources */,
				DEFEE5E510D80AA3001213CE /* CXMLNode_CreationExtensions.m in Sources */,
				DEFEE5E610D80AA3001213CE /* CXMLDocument.m in Sources */,
				DEFEE5E710D80AA3001213CE /* CXMLDocument_PrivateExtensions.m in Sources */,
				DEFEE5E810D80AA3001213CE /* CXMLElement.m in Sources */,
				DEFEE5E910D80AA3001213CE /* CXMLElement_CreationExtensions.m in Sources */,
				DEFEE5EA10D80AA3001213CE /* CXMLElement_ElementTreeExtensions.m in Sources */,
				DEFEE5EB10D80AA3001213CE /* CXMLNode.m in Sources */,
				DEFEE5EC10D80AA3001213CE /* CXMLNode_PrivateExtensions.m in Sources */,
				DEFEE5ED10D80AA3001213CE /* CXMLNode_XPathExtensions.m in Sources */,
				DEFEE5EE10D80AA3001213CE /* CTidy.m in Sources */,
				DEFEE64D10D80BA4001213CE /* NSObject+SBJSON.m in Sources */,
				DEFEE64E10D80BA4001213CE /* NSString+SBJSON.m in Sources */,
				DEFEE64F10D80BA4001213CE /* SBJSON.m in Sources */,
				DEFEE65010D80BA4001213CE /* SBJsonBase.m in Sources */,
				DEFEE65110D80BA4001213CE /* SBJsonParser.m in Sources */,
				DEFEE65210D80BA4001213CE /* SBJsonWriter.m in Sources */,
				DEFEE66E10D80BC4001213CE /* MockPhotoSource.m in Sources */,
				DEFEE66F10D80BC4001213CE /* NewsViewController.m in Sources */,
				DEFEE67010D80BC4001213CE /* ImageGalleryViewController.m in Sources */,
				DEFEE67110D80BC4001213CE /* CatalogSamplerViewController.m in Sources */,
				DEFEE67210D80BC4001213CE /* RadioViewController.m in Sources */,
				DEFEE67310D80BC4001213CE /* NewsItem.m in Sources */,
				DEFEE67410D80BC4001213CE /* NewsItemViewController.m in Sources */,
				DE4F197210D84EC8005E2446 /* ImageGalleryPhotoSource.m in Sources */,
				DE3E4CE910D9285000571DC6 /* FlickrJSONResponse.m in Sources */,
				DE3E4CF310D9292D00571DC6 /* GTMNSString+URLArguments.m in Sources */,
				DE3E4CF410D9292D00571DC6 /* GTMNSDictionary+URLArguments.m in Sources */,
				DE7455A310DE66DE00332FD6 /* ImageGalleryPhoto.m in Sources */,
			);
			runOnlyForDeploymentPostprocessing = 0;
		};
/* End PBXSourcesBuildPhase section */

/* Begin PBXTargetDependency section */
		DE4F176210D82589005E2446 /* PBXTargetDependency */ = {
			isa = PBXTargetDependency;
			name = Three20;
			targetProxy = DE4F176110D82589005E2446 /* PBXContainerItemProxy */;
		};
/* End PBXTargetDependency section */

/* Begin XCBuildConfiguration section */
		1D6058940D05DD3E006BFB54 /* Debug */ = {
			isa = XCBuildConfiguration;
			buildSettings = {
				ALWAYS_SEARCH_USER_PATHS = NO;
				COPY_PHASE_STRIP = NO;
				GCC_DYNAMIC_NO_PIC = NO;
				GCC_OPTIMIZATION_LEVEL = 0;
				GCC_PRECOMPILE_PREFIX_HEADER = YES;
				GCC_PREFIX_HEADER = Touch320_Prefix.pch;
				INFOPLIST_FILE = "Touch320-Info.plist";
				PRODUCT_NAME = Touch320;
			};
			name = Debug;
		};
		1D6058950D05DD3E006BFB54 /* Release */ = {
			isa = XCBuildConfiguration;
			buildSettings = {
				ALWAYS_SEARCH_USER_PATHS = NO;
				COPY_PHASE_STRIP = YES;
				GCC_PRECOMPILE_PREFIX_HEADER = YES;
				GCC_PREFIX_HEADER = Touch320_Prefix.pch;
				INFOPLIST_FILE = "Touch320-Info.plist";
				PRODUCT_NAME = Touch320;
			};
			name = Release;
		};
		C01FCF4F08A954540054247B /* Debug */ = {
			isa = XCBuildConfiguration;
			buildSettings = {
				ARCHS = "$(ARCHS_STANDARD_32_BIT)";
				"CODE_SIGN_IDENTITY[sdk=iphoneos*]" = "iPhone Developer";
				GCC_C_LANGUAGE_STANDARD = c99;
				GCC_WARN_ABOUT_RETURN_TYPE = YES;
				GCC_WARN_UNUSED_VARIABLE = YES;
				HEADER_SEARCH_PATHS = (
					../../Three20/src,
					/usr/include/libxml2,
				);
				OTHER_LDFLAGS = (
					"-all_load",
					"-ObjC",
					"-lxml2",
				);
				PREBINDING = NO;
				SDKROOT = iphoneos3.1;
			};
			name = Debug;
		};
		C01FCF5008A954540054247B /* Release */ = {
			isa = XCBuildConfiguration;
			buildSettings = {
				ARCHS = "$(ARCHS_STANDARD_32_BIT)";
				"CODE_SIGN_IDENTITY[sdk=iphoneos*]" = "iPhone Developer";
				GCC_C_LANGUAGE_STANDARD = c99;
				GCC_WARN_ABOUT_RETURN_TYPE = YES;
				GCC_WARN_UNUSED_VARIABLE = YES;
				HEADER_SEARCH_PATHS = (
					../../Three20/src,
					/usr/include/libxml2,
				);
				OTHER_LDFLAGS = (
					"-all_load",
					"-ObjC",
					"-lxml2",
				);
				PREBINDING = NO;
				SDKROOT = iphoneos3.1;
			};
			name = Release;
		};
/* End XCBuildConfiguration section */

/* Begin XCConfigurationList section */
		1D6058960D05DD3E006BFB54 /* Build configuration list for PBXNativeTarget "Touch320" */ = {
			isa = XCConfigurationList;
			buildConfigurations = (
				1D6058940D05DD3E006BFB54 /* Debug */,
				1D6058950D05DD3E006BFB54 /* Release */,
			);
			defaultConfigurationIsVisible = 0;
			defaultConfigurationName = Release;
		};
		C01FCF4E08A954540054247B /* Build configuration list for PBXProject "Touch320" */ = {
			isa = XCConfigurationList;
			buildConfigurations = (
				C01FCF4F08A954540054247B /* Debug */,
				C01FCF5008A954540054247B /* Release */,
			);
			defaultConfigurationIsVisible = 0;
			defaultConfigurationName = Release;
		};
/* End XCConfigurationList section */
	};
	rootObject = 29B97313FDCFA39411CA2CEA /* Project object */;
}
